
Microsoft Visual Studio Solution File, Format Version 12.00
# Visual Studio Version 16
VisualStudioVersion = 16.0.34031.81
MinimumVisualStudioVersion = 10.0.40219.1
Project("{8BC9CEB8-8B4A-11D0-8D11-00A0C91BC942}") = "SDL-CPP-AcademyOnline", "SDL-CPP-AcademyOnline.vcxproj", "{C4C219F2-ADC8-4AD2-874F-EE8CAD3D7CB2}"
EndProject
Global
	GlobalSection(SolutionConfigurationPlatforms) = preSolution
		Debug|x64 = Debug|x64
		Debug|x86 = Debug|x86
		Release|x64 = Release|x64
		Release|x86 = Release|x86
	EndGlobalSection
	GlobalSection(ProjectConfigurationPlatforms) = postSolution
		{C4C219F2-ADC8-4AD2-874F-EE8CAD3D7CB2}.Debug|x64.ActiveCfg = Debug|x64
		{C4C219F2-ADC8-4AD2-874F-EE8CAD3D7CB2}.Debug|x64.Build.0 = Debug|x64
		{C4C219F2-ADC8-4AD2-874F-EE8CAD3D7CB2}.Debug|x86.ActiveCfg = Debug|Win32
		{C4C219F2-ADC8-4AD2-874F-EE8CAD3D7CB2}.Debug|x86.Build.0 = Debug|Win32
		{C4C219F2-ADC8-4AD2-874F-EE8CAD3D7CB2}.Release|x64.ActiveCfg = Release|x64
		{C4C219F2-ADC8-4AD2-874F-EE8CAD3D7CB2}.Release|x64.Build.0 = Release|x64
		{C4C219F2-ADC8-4AD2-874F-EE8CAD3D7CB2}.Release|x86.ActiveCfg = Release|Win32
		{C4C219F2-ADC8-4AD2-874F-EE8CAD3D7CB2}.Release|x86.Build.0 = Release|Win32
	EndGlobalSection
	GlobalSection(SolutionProperties) = preSolution
		HideSolutionNode = FALSE
	EndGlobalSection
	GlobalSection(ExtensibilityGlobals) = postSolution
		SolutionGuid = {EDFA6E21-3506-49B0-9B8B-F74DAB8D40C8}
	EndGlobalSection
EndGlobal
